
Microsoft Visual Studio Solution File, Format Version 12.00
# Visual Studio Version 16
VisualStudioVersion = 16.0.29209.62
MinimumVisualStudioVersion = 10.0.40219.1
Project("{FAE04EC0-301F-11D3-BF4B-00C04F79EFBC}") = "XamKvStorage.UWP", "XamKvStorage.UWP\XamKvStorage.UWP.csproj", "{C3CD4E1B-7097-4501-8E04-86A0380EE832}"
EndProject
Project("{FAE04EC0-301F-11D3-BF4B-00C04F79EFBC}") = "XamKvStorage.Android", "XamKvStorage.Android\XamKvStorage.Android.csproj", "{CD3A6D6F-D3A2-4116-B74B-9FA8A8A792CF}"
EndProject
Project("{FAE04EC0-301F-11D3-BF4B-00C04F79EFBC}") = "XamKvStorage.iOS", "XamKvStorage.iOS\XamKvStorage.iOS.csproj", "{D92630FA-E020-414D-972E-64A81830A51A}"
EndProject
Project("{FAE04EC0-301F-11D3-BF4B-00C04F79EFBC}") = "XamKvStorage", "XamKvStorage\XamKvStorage.csproj", "{475EDAD6-A555-44C8-96CB-CE3766B0E087}"
EndProject
Global
	GlobalSection(SolutionConfigurationPlatforms) = preSolution
		Debug|Any CPU = Debug|Any CPU
		Debug|ARM = Debug|ARM
		Debug|iPhone = Debug|iPhone
		Debug|iPhoneSimulator = Debug|iPhoneSimulator
		Debug|x64 = Debug|x64
		Debug|x86 = Debug|x86
		Release|Any CPU = Release|Any CPU
		Release|ARM = Release|ARM
		Release|iPhone = Release|iPhone
		Release|iPhoneSimulator = Release|iPhoneSimulator
		Release|x64 = Release|x64
		Release|x86 = Release|x86
	EndGlobalSection
	GlobalSection(ProjectConfigurationPlatforms) = postSolution
		{C3CD4E1B-7097-4501-8E04-86A0380EE832}.Debug|Any CPU.ActiveCfg = Debug|x86
		{C3CD4E1B-7097-4501-8E04-86A0380EE832}.Debug|Any CPU.Build.0 = Debug|x86
		{C3CD4E1B-7097-4501-8E04-86A0380EE832}.Debug|Any CPU.Deploy.0 = Debug|x86
		{C3CD4E1B-7097-4501-8E04-86A0380EE832}.Debug|ARM.ActiveCfg = Debug|ARM
		{C3CD4E1B-7097-4501-8E04-86A0380EE832}.Debug|ARM.Build.0 = Debug|ARM
		{C3CD4E1B-7097-4501-8E04-86A0380EE832}.Debug|ARM.Deploy.0 = Debug|ARM
		{C3CD4E1B-7097-4501-8E04-86A0380EE832}.Debug|iPhone.ActiveCfg = Debug|x86
		{C3CD4E1B-7097-4501-8E04-86A0380EE832}.Debug|iPhone.Build.0 = Debug|x86
		{C3CD4E1B-7097-4501-8E04-86A0380EE832}.Debug|iPhone.Deploy.0 = Debug|x86
		{C3CD4E1B-7097-4501-8E04-86A0380EE832}.Debug|iPhoneSimulator.ActiveCfg = Debug|x86
		{C3CD4E1B-7097-4501-8E04-86A0380EE832}.Debug|iPhoneSimulator.Build.0 = Debug|x86
		{C3CD4E1B-7097-4501-8E04-86A0380EE832}.Debug|iPhoneSimulator.Deploy.0 = Debug|x86
		{C3CD4E1B-7097-4501-8E04-86A0380EE832}.Debug|x64.ActiveCfg = Debug|x64
		{C3CD4E1B-7097-4501-8E04-86A0380EE832}.Debug|x64.Build.0 = Debug|x64
		{C3CD4E1B-7097-4501-8E04-86A0380EE832}.Debug|x64.Deploy.0 = Debug|x64
		{C3CD4E1B-7097-4501-8E04-86A0380EE832}.Debug|x86.ActiveCfg = Debug|x86
		{C3CD4E1B-7097-4501-8E04-86A0380EE832}.Debug|x86.Build.0 = Debug|x86
		{C3CD4E1B-7097-4501-8E04-86A0380EE832}.Debug|x86.Deploy.0 = Debug|x86
		{C3CD4E1B-7097-4501-8E04-86A0380EE832}.Release|Any CPU.ActiveCfg = Release|x86
		{C3CD4E1B-7097-4501-8E04-86A0380EE832}.Release|Any CPU.Build.0 = Release|x86
		{C3CD4E1B-7097-4501-8E04-86A0380EE832}.Release|Any CPU.Deploy.0 = Release|x86
		{C3CD4E1B-7097-4501-8E04-86A0380EE832}.Release|ARM.ActiveCfg = Release|ARM
		{C3CD4E1B-7097-4501-8E04-86A0380EE832}.Release|ARM.Build.0 = Release|ARM
		{C3CD4E1B-7097-4501-8E04-86A0380EE832}.Release|ARM.Deploy.0 = Release|ARM
		{C3CD4E1B-7097-4501-8E04-86A0380EE832}.Release|iPhone.ActiveCfg = Release|x86
		{C3CD4E1B-7097-4501-8E04-86A0380EE832}.Release|iPhone.Build.0 = Release|x86
		{C3CD4E1B-7097-4501-8E04-86A0380EE832}.Release|iPhone.Deploy.0 = Release|x86
		{C3CD4E1B-7097-4501-8E04-86A0380EE832}.Release|iPhoneSimulator.ActiveCfg = Release|x86
		{C3CD4E1B-7097-4501-8E04-86A0380EE832}.Release|iPhoneSimulator.Build.0 = Release|x86
		{C3CD4E1B-7097-4501-8E04-86A0380EE832}.Release|iPhoneSimulator.Deploy.0 = Release|x86
		{C3CD4E1B-7097-4501-8E04-86A0380EE832}.Release|x64.ActiveCfg = Release|x64
		{C3CD4E1B-7097-4501-8E04-86A0380EE832}.Release|x64.Build.0 = Release|x64
		{C3CD4E1B-7097-4501-8E04-86A0380EE832}.Release|x64.Deploy.0 = Release|x64
		{C3CD4E1B-7097-4501-8E04-86A0380EE832}.Release|x86.ActiveCfg = Release|x86
		{C3CD4E1B-7097-4501-8E04-86A0380EE832}.Release|x86.Build.0 = Release|x86
		{C3CD4E1B-7097-4501-8E04-86A0380EE832}.Release|x86.Deploy.0 = Release|x86
		{CD3A6D6F-D3A2-4116-B74B-9FA8A8A792CF}.Debug|Any CPU.ActiveCfg = Debug|Any CPU
		{CD3A6D6F-D3A2-4116-B74B-9FA8A8A792CF}.Debug|Any CPU.Build.0 = Debug|Any CPU
		{CD3A6D6F-D3A2-4116-B74B-9FA8A8A792CF}.Debug|Any CPU.Deploy.0 = Debug|Any CPU
		{CD3A6D6F-D3A2-4116-B74B-9FA8A8A792CF}.Debug|ARM.ActiveCfg = Debug|Any CPU
		{CD3A6D6F-D3A2-4116-B74B-9FA8A8A792CF}.Debug|ARM.Build.0 = Debug|Any CPU
		{CD3A6D6F-D3A2-4116-B74B-9FA8A8A792CF}.Debug|ARM.Deploy.0 = Debug|Any CPU
		{CD3A6D6F-D3A2-4116-B74B-9FA8A8A792CF}.Debug|iPhone.ActiveCfg = Debug|Any CPU
		{CD3A6D6F-D3A2-4116-B74B-9FA8A8A792CF}.Debug|iPhone.Build.0 = Debug|Any CPU
		{CD3A6D6F-D3A2-4116-B74B-9FA8A8A792CF}.Debug|iPhone.Deploy.0 = Debug|Any CPU
		{CD3A6D6F-D3A2-4116-B74B-9FA8A8A792CF}.Debug|iPhoneSimulator.ActiveCfg = Debug|Any CPU
		{CD3A6D6F-D3A2-4116-B74B-9FA8A8A792CF}.Debug|iPhoneSimulator.Build.0 = Debug|Any CPU
		{CD3A6D6F-D3A2-4116-B74B-9FA8A8A792CF}.Debug|iPhoneSimulator.Deploy.0 = Debug|Any CPU
		{CD3A6D6F-D3A2-4116-B74B-9FA8A8A792CF}.Debug|x64.ActiveCfg = Debug|Any CPU
		{CD3A6D6F-D3A2-4116-B74B-9FA8A8A792CF}.Debug|x64.Build.0 = Debug|Any CPU
		{CD3A6D6F-D3A2-4116-B74B-9FA8A8A792CF}.Debug|x64.Deploy.0 = Debug|Any CPU
		{CD3A6D6F-D3A2-4116-B74B-9FA8A8A792CF}.Debug|x86.ActiveCfg = Debug|Any CPU
		{CD3A6D6F-D3A2-4116-B74B-9FA8A8A792CF}.Debug|x86.Build.0 = Debug|Any CPU
		{CD3A6D6F-D3A2-4116-B74B-9FA8A8A792CF}.Debug|x86.Deploy.0 = Debug|Any CPU
		{CD3A6D6F-D3A2-4116-B74B-9FA8A8A792CF}.Release|Any CPU.ActiveCfg = Release|Any CPU
		{CD3A6D6F-D3A2-4116-B74B-9FA8A8A792CF}.Release|Any CPU.Build.0 = Release|Any CPU
		{CD3A6D6F-D3A2-4116-B74B-9FA8A8A792CF}.Release|Any CPU.Deploy.0 = Release|Any CPU
		{CD3A6D6F-D3A2-4116-B74B-9FA8A8A792CF}.Release|ARM.ActiveCfg = Release|Any CPU
		{CD3A6D6F-D3A2-4116-B74B-9FA8A8A792CF}.Release|ARM.Build.0 = Release|Any CPU
		{CD3A6D6F-D3A2-4116-B74B-9FA8A8A792CF}.Release|ARM.Deploy.0 = Release|Any CPU
		{CD3A6D6F-D3A2-4116-B74B-9FA8A8A792CF}.Release|iPhone.ActiveCfg = Release|Any CPU
		{CD3A6D6F-D3A2-4116-B74B-9FA8A8A792CF}.Release|iPhone.Build.0 = Release|Any CPU
		{CD3A6D6F-D3A2-4116-B74B-9FA8A8A792CF}.Release|iPhone.Deploy.0 = Release|Any CPU
		{CD3A6D6F-D3A2-4116-B74B-9FA8A8A792CF}.Release|iPhoneSimulator.ActiveCfg = Release|Any CPU
		{CD3A6D6F-D3A2-4116-B74B-9FA8A8A792CF}.Release|iPhoneSimulator.Build.0 = Release|Any CPU
		{CD3A6D6F-D3A2-4116-B74B-9FA8A8A792CF}.Release|iPhoneSimulator.Deploy.0 = Release|Any CPU
		{CD3A6D6F-D3A2-4116-B74B-9FA8A8A792CF}.Release|x64.ActiveCfg = Release|Any CPU
		{CD3A6D6F-D3A2-4116-B74B-9FA8A8A792CF}.Release|x64.Build.0 = Release|Any CPU
		{CD3A6D6F-D3A2-4116-B74B-9FA8A8A792CF}.Release|x64.Deploy.0 = Release|Any CPU
		{CD3A6D6F-D3A2-4116-B74B-9FA8A8A792CF}.Release|x86.ActiveCfg = Release|Any CPU
		{CD3A6D6F-D3A2-4116-B74B-9FA8A8A792CF}.Release|x86.Build.0 = Release|Any CPU
		{CD3A6D6F-D3A2-4116-B74B-9FA8A8A792CF}.Release|x86.Deploy.0 = Release|Any CPU
		{D92630FA-E020-414D-972E-64A81830A51A}.Debug|Any CPU.ActiveCfg = Debug|iPhone
		{D92630FA-E020-414D-972E-64A81830A51A}.Debug|Any CPU.Build.0 = Debug|iPhone
		{D92630FA-E020-414D-972E-64A81830A51A}.Debug|Any CPU.Deploy.0 = Debug|iPhone
		{D92630FA-E020-414D-972E-64A81830A51A}.Debug|ARM.ActiveCfg = Debug|iPhoneSimulator
		{D92630FA-E020-414D-972E-64A81830A51A}.Debug|ARM.Build.0 = Debug|iPhoneSimulator
		{D92630FA-E020-414D-972E-64A81830A51A}.Debug|ARM.Deploy.0 = Debug|iPhoneSimulator
		{D92630FA-E020-414D-972E-64A81830A51A}.Debug|iPhone.ActiveCfg = Debug|iPhone
		{D92630FA-E020-414D-972E-64A81830A51A}.Debug|iPhone.Build.0 = Debug|iPhone
		{D92630FA-E020-414D-972E-64A81830A51A}.Debug|iPhone.Deploy.0 = Debug|iPhone
		{D92630FA-E020-414D-972E-64A81830A51A}.Debug|iPhoneSimulator.ActiveCfg = Debug|iPhoneSimulator
		{D92630FA-E020-414D-972E-64A81830A51A}.Debug|iPhoneSimulator.Build.0 = Debug|iPhoneSimulator
		{D92630FA-E020-414D-972E-64A81830A51A}.Debug|iPhoneSimulator.Deploy.0 = Debug|iPhoneSimulator
		{D92630FA-E020-414D-972E-64A81830A51A}.Debug|x64.ActiveCfg = Debug|iPhone
		{D92630FA-E020-414D-972E-64A81830A51A}.Debug|x64.Build.0 = Debug|iPhone
		{D92630FA-E020-414D-972E-64A81830A51A}.Debug|x64.Deploy.0 = Debug|iPhone
		{D92630FA-E020-414D-972E-64A81830A51A}.Debug|x86.ActiveCfg = Debug|iPhone
		{D92630FA-E020-414D-972E-64A81830A51A}.Debug|x86.Build.0 = Debug|iPhone
		{D92630FA-E020-414D-972E-64A81830A51A}.Debug|x86.Deploy.0 = Debug|iPhone
		{D92630FA-E020-414D-972E-64A81830A51A}.Release|Any CPU.ActiveCfg = Release|iPhone
		{D92630FA-E020-414D-972E-64A81830A51A}.Release|Any CPU.Build.0 = Release|iPhone
		{D92630FA-E020-414D-972E-64A81830A51A}.Release|Any CPU.Deploy.0 = Release|iPhone
		{D92630FA-E020-414D-972E-64A81830A51A}.Release|ARM.ActiveCfg = Release|iPhone
		{D92630FA-E020-414D-972E-64A81830A51A}.Release|ARM.Build.0 = Release|iPhone
		{D92630FA-E020-414D-972E-64A81830A51A}.Release|ARM.Deploy.0 = Release|iPhone
		{D92630FA-E020-414D-972E-64A81830A51A}.Release|iPhone.ActiveCfg = Release|iPhone
		{D92630FA-E020-414D-972E-64A81830A51A}.Release|iPhone.Build.0 = Release|iPhone
		{D92630FA-E020-414D-972E-64A81830A51A}.Release|iPhone.Deploy.0 = Release|iPhone
		{D92630FA-E020-414D-972E-64A81830A51A}.Release|iPhoneSimulator.ActiveCfg = Release|iPhoneSimulator
		{D92630FA-E020-414D-972E-64A81830A51A}.Release|iPhoneSimulator.Build.0 = Release|iPhoneSimulator
		{D92630FA-E020-414D-972E-64A81830A51A}.Release|iPhoneSimulator.Deploy.0 = Release|iPhoneSimulator
		{D92630FA-E020-414D-972E-64A81830A51A}.Release|x64.ActiveCfg = Release|iPhone
		{D92630FA-E020-414D-972E-64A81830A51A}.Release|x64.Build.0 = Release|iPhone
		{D92630FA-E020-414D-972E-64A81830A51A}.Release|x64.Deploy.0 = Release|iPhone
		{D92630FA-E020-414D-972E-64A81830A51A}.Release|x86.ActiveCfg = Release|iPhone
		{D92630FA-E020-414D-972E-64A81830A51A}.Release|x86.Build.0 = Release|iPhone
		{D92630FA-E020-414D-972E-64A81830A51A}.Release|x86.Deploy.0 = Release|iPhone
		{475EDAD6-A555-44C8-96CB-CE3766B0E087}.Debug|Any CPU.ActiveCfg = Debug|Any CPU
		{475EDAD6-A555-44C8-96CB-CE3766B0E087}.Debug|Any CPU.Build.0 = Debug|Any CPU
		{475EDAD6-A555-44C8-96CB-CE3766B0E087}.Debug|Any CPU.Deploy.0 = Debug|Any CPU
		{475EDAD6-A555-44C8-96CB-CE3766B0E087}.Debug|ARM.ActiveCfg = Debug|Any CPU
		{475EDAD6-A555-44C8-96CB-CE3766B0E087}.Debug|ARM.Build.0 = Debug|Any CPU
		{475EDAD6-A555-44C8-96CB-CE3766B0E087}.Debug|ARM.Deploy.0 = Debug|Any CPU
		{475EDAD6-A555-44C8-96CB-CE3766B0E087}.Debug|iPhone.ActiveCfg = Debug|Any CPU
		{475EDAD6-A555-44C8-96CB-CE3766B0E087}.Debug|iPhone.Build.0 = Debug|Any CPU
		{475EDAD6-A555-44C8-96CB-CE3766B0E087}.Debug|iPhone.Deploy.0 = Debug|Any CPU
		{475EDAD6-A555-44C8-96CB-CE3766B0E087}.Debug|iPhoneSimulator.ActiveCfg = Debug|Any CPU
		{475EDAD6-A555-44C8-96CB-CE3766B0E087}.Debug|iPhoneSimulator.Build.0 = Debug|Any CPU
		{475EDAD6-A555-44C8-96CB-CE3766B0E087}.Debug|iPhoneSimulator.Deploy.0 = Debug|Any CPU
		{475EDAD6-A555-44C8-96CB-CE3766B0E087}.Debug|x64.ActiveCfg = Debug|Any CPU
		{475EDAD6-A555-44C8-96CB-CE3766B0E087}.Debug|x64.Build.0 = Debug|Any CPU
		{475EDAD6-A555-44C8-96CB-CE3766B0E087}.Debug|x64.Deploy.0 = Debug|Any CPU
		{475EDAD6-A555-44C8-96CB-CE3766B0E087}.Debug|x86.ActiveCfg = Debug|Any CPU
		{475EDAD6-A555-44C8-96CB-CE3766B0E087}.Debug|x86.Build.0 = Debug|Any CPU
		{475EDAD6-A555-44C8-96CB-CE3766B0E087}.Debug|x86.Deploy.0 = Debug|Any CPU
		{475EDAD6-A555-44C8-96CB-CE3766B0E087}.Release|Any CPU.ActiveCfg = Release|Any CPU
		{475EDAD6-A555-44C8-96CB-CE3766B0E087}.Release|Any CPU.Build.0 = Release|Any CPU
		{475EDAD6-A555-44C8-96CB-CE3766B0E087}.Release|Any CPU.Deploy.0 = Release|Any CPU
		{475EDAD6-A555-44C8-96CB-CE3766B0E087}.Release|ARM.ActiveCfg = Release|Any CPU
		{475EDAD6-A555-44C8-96CB-CE3766B0E087}.Release|ARM.Build.0 = Release|Any CPU
		{475EDAD6-A555-44C8-96CB-CE3766B0E087}.Release|ARM.Deploy.0 = Release|Any CPU
		{475EDAD6-A555-44C8-96CB-CE3766B0E087}.Release|iPhone.ActiveCfg = Release|Any CPU
		{475EDAD6-A555-44C8-96CB-CE3766B0E087}.Release|iPhone.Build.0 = Release|Any CPU
		{475EDAD6-A555-44C8-96CB-CE3766B0E087}.Release|iPhone.Deploy.0 = Release|Any CPU
		{475EDAD6-A555-44C8-96CB-CE3766B0E087}.Release|iPhoneSimulator.ActiveCfg = Release|Any CPU
		{475EDAD6-A555-44C8-96CB-CE3766B0E087}.Release|iPhoneSimulator.Build.0 = Release|Any CPU
		{475EDAD6-A555-44C8-96CB-CE3766B0E087}.Release|iPhoneSimulator.Deploy.0 = Release|Any CPU
		{475EDAD6-A555-44C8-96CB-CE3766B0E087}.Release|x64.ActiveCfg = Release|Any CPU
		{475EDAD6-A555-44C8-96CB-CE3766B0E087}.Release|x64.Build.0 = Release|Any CPU
		{475EDAD6-A555-44C8-96CB-CE3766B0E087}.Release|x64.Deploy.0 = Release|Any CPU
		{475EDAD6-A555-44C8-96CB-CE3766B0E087}.Release|x86.ActiveCfg = Release|Any CPU
		{475EDAD6-A555-44C8-96CB-CE3766B0E087}.Release|x86.Build.0 = Release|Any CPU
		{475EDAD6-A555-44C8-96CB-CE3766B0E087}.Release|x86.Deploy.0 = Release|Any CPU
	EndGlobalSection
	GlobalSection(SolutionProperties) = preSolution
		HideSolutionNode = FALSE
	EndGlobalSection
	GlobalSection(ExtensibilityGlobals) = postSolution
		SolutionGuid = {5B0ACE40-EDFE-4D33-89B1-026A865731C4}
	EndGlobalSection
EndGlobal
